
Microsoft Visual Studio Solution File, Format Version 12.00
# Visual Studio Version 17
VisualStudioVersion = 17.14.36221.1
MinimumVisualStudioVersion = 10.0.40219.1
Project("{FAE04EC0-301F-11D3-BF4B-00C04F79EFBC}") = "TaskManagement.API", "TaskManagement.API\TaskManagement.API.csproj", "{4F3239A0-1E24-4FD3-B0D2-37BEAB9392DB}"
EndProject
Project("{2150E333-8FDC-42A3-9474-1A3956D46DE8}") = "API", "API", "{02EA681E-C7D8-13C7-8484-4AC65E1B71E8}"
EndProject
Project("{2150E333-8FDC-42A3-9474-1A3956D46DE8}") = "Core", "Core", "{5C47578F-61D6-4916-A0F4-911AC42DBB85}"
EndProject
Project("{2150E333-8FDC-42A3-9474-1A3956D46DE8}") = "Infrastructure", "Infrastructure", "{DC45BC2D-FDF5-457B-A01D-555A5BE98FF9}"
EndProject
Project("{FAE04EC0-301F-11D3-BF4B-00C04F79EFBC}") = "TaskManagement.Application", "TaskManagement.Application\TaskManagement.Application.csproj", "{111077DF-296E-4907-9653-0A0D01E83DE9}"
EndProject
Project("{FAE04EC0-301F-11D3-BF4B-00C04F79EFBC}") = "TaskManagement.Domain", "TaskManagement.Domain\TaskManagement.Domain.csproj", "{1A73DF57-EBE3-4F29-A3E9-A631EFB9A689}"
EndProject
Project("{FAE04EC0-301F-11D3-BF4B-00C04F79EFBC}") = "TaskManagement.Persistence", "TaskManagement.Persistence\TaskManagement.Persistence.csproj", "{92B5DFD1-C9D0-458D-8E80-34A956E6C376}"
EndProject
Global
	GlobalSection(SolutionConfigurationPlatforms) = preSolution
		Debug|Any CPU = Debug|Any CPU
		Release|Any CPU = Release|Any CPU
	EndGlobalSection
	GlobalSection(ProjectConfigurationPlatforms) = postSolution
		{4F3239A0-1E24-4FD3-B0D2-37BEAB9392DB}.Debug|Any CPU.ActiveCfg = Debug|Any CPU
		{4F3239A0-1E24-4FD3-B0D2-37BEAB9392DB}.Debug|Any CPU.Build.0 = Debug|Any CPU
		{4F3239A0-1E24-4FD3-B0D2-37BEAB9392DB}.Release|Any CPU.ActiveCfg = Release|Any CPU
		{4F3239A0-1E24-4FD3-B0D2-37BEAB9392DB}.Release|Any CPU.Build.0 = Release|Any CPU
		{111077DF-296E-4907-9653-0A0D01E83DE9}.Debug|Any CPU.ActiveCfg = Debug|Any CPU
		{111077DF-296E-4907-9653-0A0D01E83DE9}.Debug|Any CPU.Build.0 = Debug|Any CPU
		{111077DF-296E-4907-9653-0A0D01E83DE9}.Release|Any CPU.ActiveCfg = Release|Any CPU
		{111077DF-296E-4907-9653-0A0D01E83DE9}.Release|Any CPU.Build.0 = Release|Any CPU
		{1A73DF57-EBE3-4F29-A3E9-A631EFB9A689}.Debug|Any CPU.ActiveCfg = Debug|Any CPU
		{1A73DF57-EBE3-4F29-A3E9-A631EFB9A689}.Debug|Any CPU.Build.0 = Debug|Any CPU
		{1A73DF57-EBE3-4F29-A3E9-A631EFB9A689}.Release|Any CPU.ActiveCfg = Release|Any CPU
		{1A73DF57-EBE3-4F29-A3E9-A631EFB9A689}.Release|Any CPU.Build.0 = Release|Any CPU
		{92B5DFD1-C9D0-458D-8E80-34A956E6C376}.Debug|Any CPU.ActiveCfg = Debug|Any CPU
		{92B5DFD1-C9D0-458D-8E80-34A956E6C376}.Debug|Any CPU.Build.0 = Debug|Any CPU
		{92B5DFD1-C9D0-458D-8E80-34A956E6C376}.Release|Any CPU.ActiveCfg = Release|Any CPU
		{92B5DFD1-C9D0-458D-8E80-34A956E6C376}.Release|Any CPU.Build.0 = Release|Any CPU
	EndGlobalSection
	GlobalSection(SolutionProperties) = preSolution
		HideSolutionNode = FALSE
	EndGlobalSection
	GlobalSection(NestedProjects) = preSolution
		{4F3239A0-1E24-4FD3-B0D2-37BEAB9392DB} = {02EA681E-C7D8-13C7-8484-4AC65E1B71E8}
		{111077DF-296E-4907-9653-0A0D01E83DE9} = {5C47578F-61D6-4916-A0F4-911AC42DBB85}
		{1A73DF57-EBE3-4F29-A3E9-A631EFB9A689} = {5C47578F-61D6-4916-A0F4-911AC42DBB85}
		{92B5DFD1-C9D0-458D-8E80-34A956E6C376} = {DC45BC2D-FDF5-457B-A01D-555A5BE98FF9}
	EndGlobalSection
	GlobalSection(ExtensibilityGlobals) = postSolution
		SolutionGuid = {FFB2BC27-2CB4-46E3-8D04-44611BF02F7B}
	EndGlobalSection
EndGlobal
